
Microsoft Visual Studio Solution File, Format Version 12.00
# Visual Studio 14
VisualStudioVersion = 14.0.25420.1
MinimumVisualStudioVersion = 10.0.40219.1
Project("{8BC9CEB8-8B4A-11D0-8D11-00A0C91BC942}") = "ConsoleApplication1", "ConsoleApplication1\ConsoleApplication1.vcxproj", "{CABEE02E-F2BB-4D63-ABAB-C9EDA3B69766}"
EndProject
Project("{8BC9CEB8-8B4A-11D0-8D11-00A0C91BC942}") = "UnitTest1", "UnitTest1\UnitTest1.vcxproj", "{2CB857EC-CB26-4B7D-96A5-4714E72B34B0}"
EndProject
Global
	GlobalSection(SolutionConfigurationPlatforms) = preSolution
		Debug|x64 = Debug|x64
		Debug|x86 = Debug|x86
		Release|x64 = Release|x64
		Release|x86 = Release|x86
	EndGlobalSection
	GlobalSection(ProjectConfigurationPlatforms) = postSolution
		{CABEE02E-F2BB-4D63-ABAB-C9EDA3B69766}.Debug|x64.ActiveCfg = Debug|x64
		{CABEE02E-F2BB-4D63-ABAB-C9EDA3B69766}.Debug|x64.Build.0 = Debug|x64
		{CABEE02E-F2BB-4D63-ABAB-C9EDA3B69766}.Debug|x86.ActiveCfg = Debug|Win32
		{CABEE02E-F2BB-4D63-ABAB-C9EDA3B69766}.Debug|x86.Build.0 = Debug|Win32
		{CABEE02E-F2BB-4D63-ABAB-C9EDA3B69766}.Release|x64.ActiveCfg = Release|x64
		{CABEE02E-F2BB-4D63-ABAB-C9EDA3B69766}.Release|x64.Build.0 = Release|x64
		{CABEE02E-F2BB-4D63-ABAB-C9EDA3B69766}.Release|x86.ActiveCfg = Release|Win32
		{CABEE02E-F2BB-4D63-ABAB-C9EDA3B69766}.Release|x86.Build.0 = Release|Win32
		{2CB857EC-CB26-4B7D-96A5-4714E72B34B0}.Debug|x64.ActiveCfg = Debug|x64
		{2CB857EC-CB26-4B7D-96A5-4714E72B34B0}.Debug|x64.Build.0 = Debug|x64
		{2CB857EC-CB26-4B7D-96A5-4714E72B34B0}.Debug|x86.ActiveCfg = Debug|Win32
		{2CB857EC-CB26-4B7D-96A5-4714E72B34B0}.Debug|x86.Build.0 = Debug|Win32
		{2CB857EC-CB26-4B7D-96A5-4714E72B34B0}.Release|x64.ActiveCfg = Release|x64
		{2CB857EC-CB26-4B7D-96A5-4714E72B34B0}.Release|x64.Build.0 = Release|x64
		{2CB857EC-CB26-4B7D-96A5-4714E72B34B0}.Release|x86.ActiveCfg = Release|Win32
		{2CB857EC-CB26-4B7D-96A5-4714E72B34B0}.Release|x86.Build.0 = Release|Win32
	EndGlobalSection
	GlobalSection(SolutionProperties) = preSolution
		HideSolutionNode = FALSE
	EndGlobalSection
EndGlobal
